
Microsoft Visual Studio Solution File, Format Version 12.00
# Visual Studio Version 16
VisualStudioVersion = 16.0.29519.87
MinimumVisualStudioVersion = 10.0.40219.1
Project("{FAE04EC0-301F-11D3-BF4B-00C04F79EFBC}") = "GlobalAPI", "GlobalAPI\GlobalAPI.csproj", "{F58DA920-A240-441F-8918-9DBA1139B57C}"
EndProject
Global
	GlobalSection(SolutionConfigurationPlatforms) = preSolution
		Debug|Any CPU = Debug|Any CPU
		Release|Any CPU = Release|Any CPU
	EndGlobalSection
	GlobalSection(ProjectConfigurationPlatforms) = postSolution
		{F58DA920-A240-441F-8918-9DBA1139B57C}.Debug|Any CPU.ActiveCfg = Debug|Any CPU
		{F58DA920-A240-441F-8918-9DBA1139B57C}.Debug|Any CPU.Build.0 = Debug|Any CPU
		{F58DA920-A240-441F-8918-9DBA1139B57C}.Release|Any CPU.ActiveCfg = Release|Any CPU
		{F58DA920-A240-441F-8918-9DBA1139B57C}.Release|Any CPU.Build.0 = Release|Any CPU
	EndGlobalSection
	GlobalSection(SolutionProperties) = preSolution
		HideSolutionNode = FALSE
	EndGlobalSection
	GlobalSection(ExtensibilityGlobals) = postSolution
		SolutionGuid = {241F0CCB-DF69-45D5-977B-05403A029433}
	EndGlobalSection
EndGlobal
